<?xml version="1.0" encoding="utf-8"?>
<Project ToolsVersion="4.0" xmlns="http://schemas.microsoft.com/developer/msbuild/2003">
  <ItemGroup>
    <ClCompile Include="..\code\main.cpp" />
    <ClCompile Include="..\code\GameObject\GameObjectManager\GameObjectManager.cpp">
      <Filter>GameObjectManager</Filter>
    </ClCompile>
    <ClCompile Include="..\code\GameObject\GameObject\GameObject.cpp">
      <Filter>Object\GameObject</Filter>
    </ClCompile>
    <ClCompile Include="..\code\GameSystem\GameSetting\GameSetting.cpp">
      <Filter>GameSystem</Filter>
    </ClCompile>
    <ClCompile Include="..\code\GameSystem\Window\Window.cpp">
      <Filter>GameSystem</Filter>
    </ClCompile>
    <ClCompile Include="..\code\GameSystem\GameManager\GameManager.cpp">
      <Filter>GameSystem</Filter>
    </ClCompile>
    <ClCompile Include="..\code\Fps\Fps.cpp">
      <Filter>Fps</Filter>
    </ClCompile>
    <ClCompile Include="..\code\Scene\SceneManager\SceneManager.cpp">
      <Filter>Scene\SceneManager</Filter>
    </ClCompile>
    <ClCompile Include="..\code\Scene\SceneBase\SceneBase.cpp">
      <Filter>Scene\SceneBase</Filter>
    </ClCompile>
    <ClCompile Include="..\code\Scene\End\End.cpp">
      <Filter>Scene\End</Filter>
    </ClCompile>
    <ClCompile Include="..\code\Scene\Title\Title.cpp">
      <Filter>Scene\Title</Filter>
    </ClCompile>
    <ClCompile Include="..\code\Scene\Result\Result.cpp">
      <Filter>Scene\Result</Filter>
    </ClCompile>
    <ClCompile Include="..\code\Scene\Cleaning\Cleaning.cpp">
      <Filter>Scene\Cleaning</Filter>
    </ClCompile>
    <ClCompile Include="..\code\Scene\Tutorial\Tutorial.cpp">
      <Filter>Scene\Tutorial</Filter>
    </ClCompile>
  </ItemGroup>
  <ItemGroup>
    <ClInclude Include="..\code\GameObject\GameObjectManager\GameObjectManager.h">
      <Filter>GameObjectManager</Filter>
    </ClInclude>
    <ClInclude Include="..\code\GameObject\GameObject\CleaningObjectTag.h">
      <Filter>Object\GameObject</Filter>
    </ClInclude>
    <ClInclude Include="..\code\GameObject\GameObject\EndObjectTag.h">
      <Filter>Object\GameObject</Filter>
    </ClInclude>
    <ClInclude Include="..\code\GameObject\GameObject\GameObject.h">
      <Filter>Object\GameObject</Filter>
    </ClInclude>
    <ClInclude Include="..\code\GameObject\GameObject\ResultObjectTag.h">
      <Filter>Object\GameObject</Filter>
    </ClInclude>
    <ClInclude Include="..\code\GameObject\GameObject\TitleObjectTag.h">
      <Filter>Object\GameObject</Filter>
    </ClInclude>
    <ClInclude Include="..\code\GameSystem\GameSetting\GameSetting.h">
      <Filter>GameSystem</Filter>
    </ClInclude>
    <ClInclude Include="..\code\GameSystem\Window\Window.h">
      <Filter>GameSystem</Filter>
    </ClInclude>
    <ClInclude Include="..\code\GameSystem\GameManager\GameManager.h">
      <Filter>GameSystem</Filter>
    </ClInclude>
    <ClInclude Include="..\code\Fps\Fps.h">
      <Filter>Fps</Filter>
    </ClInclude>
    <ClInclude Include="..\code\Scene\SceneManager\SceneManager.h">
      <Filter>Scene\SceneManager</Filter>
    </ClInclude>
    <ClInclude Include="..\code\Scene\SceneBase\SceneBase.h">
      <Filter>Scene\SceneBase</Filter>
    </ClInclude>
    <ClInclude Include="..\code\Scene\End\End.h">
      <Filter>Scene\End</Filter>
    </ClInclude>
    <ClInclude Include="..\code\Scene\Title\Title.h">
      <Filter>Scene\Title</Filter>
    </ClInclude>
    <ClInclude Include="..\code\Scene\Result\Result.h">
      <Filter>Scene\Result</Filter>
    </ClInclude>
    <ClInclude Include="..\code\Scene\Cleaning\Cleaning.h">
      <Filter>Scene\Cleaning</Filter>
    </ClInclude>
    <ClInclude Include="..\code\Scene\Tutorial\Tutorial.h">
      <Filter>Scene\Tutorial</Filter>
    </ClInclude>
  </ItemGroup>
  <ItemGroup>
    <Filter Include="GameObjectManager">
      <UniqueIdentifier>{9d77b7fc-1529-4e9e-8de1-a4c495a03a27}</UniqueIdentifier>
    </Filter>
    <Filter Include="Scene">
      <UniqueIdentifier>{77148814-f86c-43ab-8191-466f1c49d108}</UniqueIdentifier>
    </Filter>
    <Filter Include="GameSystem">
      <UniqueIdentifier>{f2e604e0-9ff0-422c-b82b-859bf226590b}</UniqueIdentifier>
    </Filter>
    <Filter Include="Fps">
      <UniqueIdentifier>{63d8b389-57f8-4d80-b7b9-4ceb61d84ba0}</UniqueIdentifier>
    </Filter>
    <Filter Include="Object">
      <UniqueIdentifier>{7acdc43c-5e04-4f5b-993f-3ce64e55c486}</UniqueIdentifier>
    </Filter>
    <Filter Include="Object\GameObject">
      <UniqueIdentifier>{7b121e5a-9d6e-4b43-9694-7acc7b52d7b6}</UniqueIdentifier>
    </Filter>
    <Filter Include="Scene\SceneManager">
      <UniqueIdentifier>{ea9ea8c8-6875-42a2-aeb3-084973c412e8}</UniqueIdentifier>
    </Filter>
    <Filter Include="Scene\SceneBase">
      <UniqueIdentifier>{2364e122-6e23-485b-91e0-07fe9b8d821a}</UniqueIdentifier>
    </Filter>
    <Filter Include="Scene\Cleaning">
      <UniqueIdentifier>{ebcdcb6b-0068-403a-aaa0-490041c93752}</UniqueIdentifier>
    </Filter>
    <Filter Include="Scene\Title">
      <UniqueIdentifier>{9c0f6e94-0e74-4119-8079-1b9cc6b307cc}</UniqueIdentifier>
    </Filter>
    <Filter Include="Scene\Result">
      <UniqueIdentifier>{a229826f-edc1-4b4a-94f7-51b8f2a2da04}</UniqueIdentifier>
    </Filter>
    <Filter Include="Scene\End">
      <UniqueIdentifier>{c2bb62ce-06f2-4a3a-9f9f-5c45b27226c4}</UniqueIdentifier>
    </Filter>
    <Filter Include="Scene\Tutorial">
      <UniqueIdentifier>{33593f5c-8dec-47a2-8dee-2afe2687f559}</UniqueIdentifier>
    </Filter>
  </ItemGroup>
</Project>